
Microsoft Visual Studio Solution File, Format Version 12.00
Project("{FAE04EC0-301F-11D3-BF4B-00C04F79EFBC}") = "Scraper", "Scraper\Scraper.csproj", "{56021C1C-10D5-4EB0-A87D-F8DE8170594A}"
EndProject
Project("{FAE04EC0-301F-11D3-BF4B-00C04F79EFBC}") = "ScraperTest", "ScraperTest\ScraperTest.csproj", "{C2BE28EF-FAEB-4554-B0C5-A5979641F10C}"
EndProject
Global
	GlobalSection(SolutionConfigurationPlatforms) = preSolution
		Debug|Any CPU = Debug|Any CPU
		Release|Any CPU = Release|Any CPU
	EndGlobalSection
	GlobalSection(ProjectConfigurationPlatforms) = postSolution
		{56021C1C-10D5-4EB0-A87D-F8DE8170594A}.Debug|Any CPU.ActiveCfg = Debug|Any CPU
		{56021C1C-10D5-4EB0-A87D-F8DE8170594A}.Debug|Any CPU.Build.0 = Debug|Any CPU
		{56021C1C-10D5-4EB0-A87D-F8DE8170594A}.Release|Any CPU.ActiveCfg = Release|Any CPU
		{56021C1C-10D5-4EB0-A87D-F8DE8170594A}.Release|Any CPU.Build.0 = Release|Any CPU
		{C2BE28EF-FAEB-4554-B0C5-A5979641F10C}.Debug|Any CPU.ActiveCfg = Debug|Any CPU
		{C2BE28EF-FAEB-4554-B0C5-A5979641F10C}.Debug|Any CPU.Build.0 = Debug|Any CPU
		{C2BE28EF-FAEB-4554-B0C5-A5979641F10C}.Release|Any CPU.ActiveCfg = Release|Any CPU
		{C2BE28EF-FAEB-4554-B0C5-A5979641F10C}.Release|Any CPU.Build.0 = Release|Any CPU
	EndGlobalSection
EndGlobal
